{
  "version": 4,
  "terraform_version": "1.7.1",
  "serial": 40,
  "lineage": "35f01c0c-9fc2-f16b-a4c2-86bee2bdccad",
  "outputs": {},
  "resources": [
    {
      "mode": "data",
      "type": "apstra_logical_device",
      "name": "selected",
      "provider": "provider[\"registry.opentofu.org/juniper/apstra\"]",
      "instances": [
        {
          "schema_version": 0,
          "attributes": {
            "id": "67a18ac4-917c-4426-b16d-71233fc128d4",
            "name": "AOS-10x1",
            "panels": [
              {
                "columns": 10,
                "port_groups": [
                  {
                    "port_count": 10,
                    "port_roles": [
                      "access",
                      "generic",
                      "leaf",
                      "peer",
                      "spine",
                      "superspine",
                      "unused"
                    ],
                    "port_speed": "1G"
                  }
                ],
                "rows": 1
              }
            ]
          },
          "sensitive_attributes": []
        }
      ]
    },
    {
      "mode": "managed",
      "type": "apstra_asn_pool",
      "name": "ASN_DC1_Leaf",
      "provider": "provider[\"registry.opentofu.org/juniper/apstra\"]",
      "instances": [
        {
          "schema_version": 0,
          "attributes": {
            "id": "212f28da-94dd-46cb-88f8-98029324172a",
            "name": "ASN_DC1_Leaf",
            "ranges": [
              {
                "first": 4200001101,
                "last": 4200001110,
                "status": "pool_element_available",
                "total": 10,
                "used": 0,
                "used_percentage": 0
              }
            ],
            "status": "not_in_use",
            "total": 10,
            "used": 0,
            "used_percentage": 0
          },
          "sensitive_attributes": []
        }
      ]
    },
    {
      "mode": "managed",
      "type": "apstra_asn_pool",
      "name": "ASN_DC1_Spine",
      "provider": "provider[\"registry.opentofu.org/juniper/apstra\"]",
      "instances": [
        {
          "schema_version": 0,
          "attributes": {
            "id": "1434a806-4ffc-4e58-bf8b-270ba5abb0e7",
            "name": "ASN_DC1_Spine",
            "ranges": [
              {
                "first": 4200001001,
                "last": 4200001010,
                "status": "pool_element_available",
                "total": 10,
                "used": 0,
                "used_percentage": 0
              }
            ],
            "status": "not_in_use",
            "total": 10,
            "used": 0,
            "used_percentage": 0
          },
          "sensitive_attributes": []
        }
      ]
    },
    {
      "mode": "managed",
      "type": "apstra_asn_pool",
      "name": "ASN_DC2",
      "provider": "provider[\"registry.opentofu.org/juniper/apstra\"]",
      "instances": [
        {
          "schema_version": 0,
          "attributes": {
            "id": "87eb9a57-d584-49de-b7df-0343aeeeeeae",
            "name": "ASN_DC2",
            "ranges": [
              {
                "first": 4200002001,
                "last": 4200002010,
                "status": "pool_element_available",
                "total": 10,
                "used": 0,
                "used_percentage": 0
              }
            ],
            "status": "not_in_use",
            "total": 10,
            "used": 0,
            "used_percentage": 0
          },
          "sensitive_attributes": []
        }
      ]
    },
    {
      "mode": "managed",
      "type": "apstra_asn_pool",
      "name": "ASN_DC3_Leaf",
      "provider": "provider[\"registry.opentofu.org/juniper/apstra\"]",
      "instances": [
        {
          "schema_version": 0,
          "attributes": {
            "id": "76d5458e-46cd-47d7-8c4d-e90fb8218b2d",
            "name": "ASN_DC3_Leaf",
            "ranges": [
              {
                "first": 4200003101,
                "last": 4200003110,
                "status": "pool_element_available",
                "total": 10,
                "used": 0,
                "used_percentage": 0
              }
            ],
            "status": "not_in_use",
            "total": 10,
            "used": 0,
            "used_percentage": 0
          },
          "sensitive_attributes": []
        }
      ]
    },
    {
      "mode": "managed",
      "type": "apstra_asn_pool",
      "name": "ASN_DC3_Spine",
      "provider": "provider[\"registry.opentofu.org/juniper/apstra\"]",
      "instances": [
        {
          "schema_version": 0,
          "attributes": {
            "id": "e16716de-b4d1-4895-a55a-5dc5d38d299b",
            "name": "ASN_DC3_Spine",
            "ranges": [
              {
                "first": 4200003001,
                "last": 4200003010,
                "status": "pool_element_available",
                "total": 10,
                "used": 0,
                "used_percentage": 0
              }
            ],
            "status": "not_in_use",
            "total": 10,
            "used": 0,
            "used_percentage": 0
          },
          "sensitive_attributes": []
        }
      ]
    },
    {
      "mode": "managed",
      "type": "apstra_configlet",
      "name": "user_admin",
      "provider": "provider[\"registry.opentofu.org/juniper/apstra\"]",
      "instances": [
        {
          "schema_version": 0,
          "attributes": {
            "generators": [
              {
                "config_style": "junos",
                "filename": null,
                "negation_template_text": null,
                "section": "top_level_hierarchical",
                "template_text": "system {\n    root-authentication {\n        encrypted-password \"$1$Jw5Ubokd$OLC5bOaYt.cI5fg0vz6F4.\"; ## SECRET-DATA\n    }\n    login {\n        user admin {\n            class super-user;\n            authentication {\n                encrypted-password \"$1$Jw5Ubokd$OLC5bOaYt.cI5fg0vz6F4.\"; ## SECRET-DATA\n                ssh-rsa \"ssh-rsa AAAAB3NzaC1yc2EAAAADAQABAAABgQDBUA+4YJwqE2rqwweZ3NG7GpXF3JqIxFbnDxraW8//QWjHLGVgn+jFbXFB3T/yLYpIRAh8SsAw6M6pZXzGd3oiltENLkoN5YGI1yW0bCTsS/Z4BoW/iuPR2rYQqhA+NPi9OZO/opVbJ+VIdfm+fugWPSVpduBiJN20P9iEF1zCW4EmWZn3qkl25LjVSBVMiwn+crcsCHUub3xDRicgTOOINFo4lZy03Fsa3PoqpxXv18FhNi3pVWmV2n3vIckWt8BbaPWMTFZmERHkVb4Y15GsHwcQxb6gm3h8Do4QgURbujCUJQhpJT4BRdD8kja1NQK4lbcPq6l9rF3YM7aQkscB16nCplWcgdnxI7eN//FA4ovvx7d57i43Y7GzSlQE87kcIDDQ1eCesYOfg9EfqCFSVWV0hbhc2Ap6YCoc0R9POpG1n0LO+o++h0J0bkLUWsIiQLb3LiC91FnP3giK5MEzdJ+maJcjIyGlTth52s01nLdT4gQDgTURqIpfL8L0HWE= irzan@irzan-mbp\"; ## SECRET-DATA\n            }\n        }\n    }\n}\n"
              }
            ],
            "id": "e7ab2b9e-4bb0-4212-9d51-aee55cf57bda",
            "name": "user_admin"
          },
          "sensitive_attributes": []
        }
      ]
    },
    {
      "mode": "managed",
      "type": "apstra_interface_map",
      "name": "aim",
      "provider": "provider[\"registry.opentofu.org/juniper/apstra\"]",
      "instances": [
        {
          "schema_version": 0,
          "attributes": {
            "device_profile_id": "721b9b60-e31e-4b3f-b5f0-5086dedeef8b",
            "id": "c3792aa7-fb58-4611-b86a-23260ebe1504",
            "interfaces": [
              {
                "logical_device_port": "1/1",
                "physical_interface_name": "ge-0/0/0",
                "transformation_id": 1
              },
              {
                "logical_device_port": "1/10",
                "physical_interface_name": "ge-0/0/9",
                "transformation_id": 1
              },
              {
                "logical_device_port": "1/2",
                "physical_interface_name": "ge-0/0/1",
                "transformation_id": 1
              },
              {
                "logical_device_port": "1/3",
                "physical_interface_name": "ge-0/0/2",
                "transformation_id": 1
              },
              {
                "logical_device_port": "1/4",
                "physical_interface_name": "ge-0/0/3",
                "transformation_id": 1
              },
              {
                "logical_device_port": "1/5",
                "physical_interface_name": "ge-0/0/4",
                "transformation_id": 1
              },
              {
                "logical_device_port": "1/6",
                "physical_interface_name": "ge-0/0/5",
                "transformation_id": 1
              },
              {
                "logical_device_port": "1/7",
                "physical_interface_name": "ge-0/0/6",
                "transformation_id": 1
              },
              {
                "logical_device_port": "1/8",
                "physical_interface_name": "ge-0/0/7",
                "transformation_id": 1
              },
              {
                "logical_device_port": "1/9",
                "physical_interface_name": "ge-0/0/8",
                "transformation_id": 1
              }
            ],
            "logical_device_id": "67a18ac4-917c-4426-b16d-71233fc128d4",
            "name": "vjunos",
            "unused_interfaces": []
          },
          "sensitive_attributes": [],
          "dependencies": [
            "data.apstra_logical_device.selected"
          ]
        }
      ]
    },
    {
      "mode": "managed",
      "type": "apstra_ipv4_pool",
      "name": "DC1_Leaf_loopback",
      "provider": "provider[\"registry.opentofu.org/juniper/apstra\"]",
      "instances": [
        {
          "schema_version": 0,
          "attributes": {
            "id": "64fcf1bf-6bb9-4a43-b944-4ad034cd415f",
            "name": "DC1_Leaf_loopback",
            "status": "not_in_use",
            "subnets": [
              {
                "network": "10.1.2.0/24",
                "status": "pool_element_available",
                "total": 256,
                "used": 0,
                "used_percentage": 0
              }
            ],
            "total": 256,
            "used": 0,
            "used_percentage": 0
          },
          "sensitive_attributes": []
        }
      ]
    },
    {
      "mode": "managed",
      "type": "apstra_ipv4_pool",
      "name": "DC1_Spine_loopback",
      "provider": "provider[\"registry.opentofu.org/juniper/apstra\"]",
      "instances": [
        {
          "schema_version": 0,
          "attributes": {
            "id": "f9dd5e86-0ab4-497c-afcb-5acc35e1dd30",
            "name": "DC1_Spine_loopback",
            "status": "not_in_use",
            "subnets": [
              {
                "network": "10.1.1.0/24",
                "status": "pool_element_available",
                "total": 256,
                "used": 0,
                "used_percentage": 0
              }
            ],
            "total": 256,
            "used": 0,
            "used_percentage": 0
          },
          "sensitive_attributes": []
        }
      ]
    },
    {
      "mode": "managed",
      "type": "apstra_ipv4_pool",
      "name": "DC1_VRF_loopback",
      "provider": "provider[\"registry.opentofu.org/juniper/apstra\"]",
      "instances": [
        {
          "schema_version": 0,
          "attributes": {
            "id": "a786436d-c6a9-4be9-8f6c-4218bce5ba90",
            "name": "DC1_VRF_loopback",
            "status": "not_in_use",
            "subnets": [
              {
                "network": "10.1.3.0/24",
                "status": "pool_element_available",
                "total": 256,
                "used": 0,
                "used_percentage": 0
              }
            ],
            "total": 256,
            "used": 0,
            "used_percentage": 0
          },
          "sensitive_attributes": []
        }
      ]
    },
    {
      "mode": "managed",
      "type": "apstra_ipv4_pool",
      "name": "DC1_fabric_link",
      "provider": "provider[\"registry.opentofu.org/juniper/apstra\"]",
      "instances": [
        {
          "schema_version": 0,
          "attributes": {
            "id": "e50dd328-5170-420c-805d-74938f164b42",
            "name": "DC1_fabric_link",
            "status": "not_in_use",
            "subnets": [
              {
                "network": "10.1.0.0/24",
                "status": "pool_element_available",
                "total": 256,
                "used": 0,
                "used_percentage": 0
              }
            ],
            "total": 256,
            "used": 0,
            "used_percentage": 0
          },
          "sensitive_attributes": []
        }
      ]
    },
    {
      "mode": "managed",
      "type": "apstra_ipv4_pool",
      "name": "DC2_Leaf_loopback",
      "provider": "provider[\"registry.opentofu.org/juniper/apstra\"]",
      "instances": [
        {
          "schema_version": 0,
          "attributes": {
            "id": "abe98fe8-14cf-4f2d-b0e2-ac9e2187c72c",
            "name": "DC2_Leaf_loopback",
            "status": "not_in_use",
            "subnets": [
              {
                "network": "10.2.2.0/24",
                "status": "pool_element_available",
                "total": 256,
                "used": 0,
                "used_percentage": 0
              }
            ],
            "total": 256,
            "used": 0,
            "used_percentage": 0
          },
          "sensitive_attributes": []
        }
      ]
    },
    {
      "mode": "managed",
      "type": "apstra_ipv4_pool",
      "name": "DC2_VRF_loopback",
      "provider": "provider[\"registry.opentofu.org/juniper/apstra\"]",
      "instances": [
        {
          "schema_version": 0,
          "attributes": {
            "id": "2dbd54d7-fea6-40f0-9e83-3e12fa0c02ee",
            "name": "DC2_VRF_loopback",
            "status": "not_in_use",
            "subnets": [
              {
                "network": "10.2.3.0/24",
                "status": "pool_element_available",
                "total": 256,
                "used": 0,
                "used_percentage": 0
              }
            ],
            "total": 256,
            "used": 0,
            "used_percentage": 0
          },
          "sensitive_attributes": []
        }
      ]
    },
    {
      "mode": "managed",
      "type": "apstra_ipv4_pool",
      "name": "DC2_fabric_link",
      "provider": "provider[\"registry.opentofu.org/juniper/apstra\"]",
      "instances": [
        {
          "schema_version": 0,
          "attributes": {
            "id": "60693730-25ee-4ac4-a89d-1c0010a80bb7",
            "name": "DC2_fabric_link",
            "status": "not_in_use",
            "subnets": [
              {
                "network": "10.2.0.0/24",
                "status": "pool_element_available",
                "total": 256,
                "used": 0,
                "used_percentage": 0
              }
            ],
            "total": 256,
            "used": 0,
            "used_percentage": 0
          },
          "sensitive_attributes": []
        }
      ]
    },
    {
      "mode": "managed",
      "type": "apstra_ipv4_pool",
      "name": "DC3_Leaf_loopback",
      "provider": "provider[\"registry.opentofu.org/juniper/apstra\"]",
      "instances": [
        {
          "schema_version": 0,
          "attributes": {
            "id": "a1e9d92c-ccc1-42c7-8f8d-aaea93fc82b6",
            "name": "DC3_Leaf_loopback",
            "status": "not_in_use",
            "subnets": [
              {
                "network": "10.3.2.0/24",
                "status": "pool_element_available",
                "total": 256,
                "used": 0,
                "used_percentage": 0
              }
            ],
            "total": 256,
            "used": 0,
            "used_percentage": 0
          },
          "sensitive_attributes": []
        }
      ]
    },
    {
      "mode": "managed",
      "type": "apstra_ipv4_pool",
      "name": "DC3_Spine_loopback",
      "provider": "provider[\"registry.opentofu.org/juniper/apstra\"]",
      "instances": [
        {
          "schema_version": 0,
          "attributes": {
            "id": "a4fd42b2-0583-4a70-9027-b74df42f5291",
            "name": "DC3_Spine_loopback",
            "status": "not_in_use",
            "subnets": [
              {
                "network": "10.3.1.0/24",
                "status": "pool_element_available",
                "total": 256,
                "used": 0,
                "used_percentage": 0
              }
            ],
            "total": 256,
            "used": 0,
            "used_percentage": 0
          },
          "sensitive_attributes": []
        }
      ]
    },
    {
      "mode": "managed",
      "type": "apstra_ipv4_pool",
      "name": "DC3_VRF_loopback",
      "provider": "provider[\"registry.opentofu.org/juniper/apstra\"]",
      "instances": [
        {
          "schema_version": 0,
          "attributes": {
            "id": "1f368ebf-cbdb-4d8e-9b84-38f328b2d545",
            "name": "DC3_VRF_loopback",
            "status": "not_in_use",
            "subnets": [
              {
                "network": "10.3.3.0/24",
                "status": "pool_element_available",
                "total": 256,
                "used": 0,
                "used_percentage": 0
              }
            ],
            "total": 256,
            "used": 0,
            "used_percentage": 0
          },
          "sensitive_attributes": []
        }
      ]
    },
    {
      "mode": "managed",
      "type": "apstra_ipv4_pool",
      "name": "DC3_fabric_link",
      "provider": "provider[\"registry.opentofu.org/juniper/apstra\"]",
      "instances": [
        {
          "schema_version": 0,
          "attributes": {
            "id": "eee1a9fc-3c6b-4335-adc7-e538f18452c1",
            "name": "DC3_fabric_link",
            "status": "not_in_use",
            "subnets": [
              {
                "network": "10.3.0.0/24",
                "status": "pool_element_available",
                "total": 256,
                "used": 0,
                "used_percentage": 0
              }
            ],
            "total": 256,
            "used": 0,
            "used_percentage": 0
          },
          "sensitive_attributes": []
        }
      ]
    },
    {
      "mode": "managed",
      "type": "apstra_ipv6_pool",
      "name": "DC1_Leaf_loopback",
      "provider": "provider[\"registry.opentofu.org/juniper/apstra\"]",
      "instances": [
        {
          "schema_version": 0,
          "attributes": {
            "id": "906d0935-23a2-49e3-ad33-846a4bb3f249",
            "name": "DC1_Leaf_loopback",
            "status": "not_in_use",
            "subnets": [
              {
                "network": "fc00:dead:beef:1002::/64",
                "status": "pool_element_available",
                "total": 18446744073709550000,
                "used": 0,
                "used_percentage": 0
              }
            ],
            "total": 18446744073709550000,
            "used": 0,
            "used_percentage": 0
          },
          "sensitive_attributes": []
        }
      ]
    },
    {
      "mode": "managed",
      "type": "apstra_ipv6_pool",
      "name": "DC1_Spine_loopback",
      "provider": "provider[\"registry.opentofu.org/juniper/apstra\"]",
      "instances": [
        {
          "schema_version": 0,
          "attributes": {
            "id": "d172fc33-023c-487d-8688-8d608ab8f7de",
            "name": "DC1_Spine_loopback",
            "status": "not_in_use",
            "subnets": [
              {
                "network": "fc00:dead:beef:1001::/64",
                "status": "pool_element_available",
                "total": 18446744073709550000,
                "used": 0,
                "used_percentage": 0
              }
            ],
            "total": 18446744073709550000,
            "used": 0,
            "used_percentage": 0
          },
          "sensitive_attributes": []
        }
      ]
    },
    {
      "mode": "managed",
      "type": "apstra_ipv6_pool",
      "name": "DC1_VRF_loopback",
      "provider": "provider[\"registry.opentofu.org/juniper/apstra\"]",
      "instances": [
        {
          "schema_version": 0,
          "attributes": {
            "id": "f2462847-42b3-483a-8943-d391f7e3fce9",
            "name": "DC1_VRF_loopback",
            "status": "not_in_use",
            "subnets": [
              {
                "network": "fc00:dead:beef:1003::/64",
                "status": "pool_element_available",
                "total": 18446744073709550000,
                "used": 0,
                "used_percentage": 0
              }
            ],
            "total": 18446744073709550000,
            "used": 0,
            "used_percentage": 0
          },
          "sensitive_attributes": []
        }
      ]
    },
    {
      "mode": "managed",
      "type": "apstra_ipv6_pool",
      "name": "DC1_fabric_link",
      "provider": "provider[\"registry.opentofu.org/juniper/apstra\"]",
      "instances": [
        {
          "schema_version": 0,
          "attributes": {
            "id": "07e619d6-b12f-4b25-8eec-3ece9f865e50",
            "name": "DC1_fabric_link",
            "status": "not_in_use",
            "subnets": [
              {
                "network": "fc00:dead:beef:1000::/64",
                "status": "pool_element_available",
                "total": 18446744073709550000,
                "used": 0,
                "used_percentage": 0
              }
            ],
            "total": 18446744073709550000,
            "used": 0,
            "used_percentage": 0
          },
          "sensitive_attributes": []
        }
      ]
    },
    {
      "mode": "managed",
      "type": "apstra_ipv6_pool",
      "name": "DC2_Leaf_loopback",
      "provider": "provider[\"registry.opentofu.org/juniper/apstra\"]",
      "instances": [
        {
          "schema_version": 0,
          "attributes": {
            "id": "c0e0a99d-a00f-40f6-a9a1-66e9097045ec",
            "name": "DC2_Leaf_loopback",
            "status": "not_in_use",
            "subnets": [
              {
                "network": "fc00:dead:beef:2002::/64",
                "status": "pool_element_available",
                "total": 18446744073709550000,
                "used": 0,
                "used_percentage": 0
              }
            ],
            "total": 18446744073709550000,
            "used": 0,
            "used_percentage": 0
          },
          "sensitive_attributes": []
        }
      ]
    },
    {
      "mode": "managed",
      "type": "apstra_ipv6_pool",
      "name": "DC2_VRF_loopback",
      "provider": "provider[\"registry.opentofu.org/juniper/apstra\"]",
      "instances": [
        {
          "schema_version": 0,
          "attributes": {
            "id": "0f85f118-d44b-4311-95f5-2bbfaf7e3c8c",
            "name": "DC2_VRF_loopback",
            "status": "not_in_use",
            "subnets": [
              {
                "network": "fc00:dead:beef:2003::/64",
                "status": "pool_element_available",
                "total": 18446744073709550000,
                "used": 0,
                "used_percentage": 0
              }
            ],
            "total": 18446744073709550000,
            "used": 0,
            "used_percentage": 0
          },
          "sensitive_attributes": []
        }
      ]
    },
    {
      "mode": "managed",
      "type": "apstra_ipv6_pool",
      "name": "DC2_fabric_link",
      "provider": "provider[\"registry.opentofu.org/juniper/apstra\"]",
      "instances": [
        {
          "schema_version": 0,
          "attributes": {
            "id": "0584bb1f-bf3f-4aa3-b542-b7a3818adf9a",
            "name": "DC2_fabric_link",
            "status": "not_in_use",
            "subnets": [
              {
                "network": "fc00:dead:beef:2000::/64",
                "status": "pool_element_available",
                "total": 18446744073709550000,
                "used": 0,
                "used_percentage": 0
              }
            ],
            "total": 18446744073709550000,
            "used": 0,
            "used_percentage": 0
          },
          "sensitive_attributes": []
        }
      ]
    },
    {
      "mode": "managed",
      "type": "apstra_ipv6_pool",
      "name": "DC3_Leaf_loopback",
      "provider": "provider[\"registry.opentofu.org/juniper/apstra\"]",
      "instances": [
        {
          "schema_version": 0,
          "attributes": {
            "id": "e519fcb0-b7b5-4d0c-bca6-83f9572d335f",
            "name": "DC3_Leaf_loopback",
            "status": "not_in_use",
            "subnets": [
              {
                "network": "fc00:dead:beef:3002::/64",
                "status": "pool_element_available",
                "total": 18446744073709550000,
                "used": 0,
                "used_percentage": 0
              }
            ],
            "total": 18446744073709550000,
            "used": 0,
            "used_percentage": 0
          },
          "sensitive_attributes": []
        }
      ]
    },
    {
      "mode": "managed",
      "type": "apstra_ipv6_pool",
      "name": "DC3_Spine_loopback",
      "provider": "provider[\"registry.opentofu.org/juniper/apstra\"]",
      "instances": [
        {
          "schema_version": 0,
          "attributes": {
            "id": "3dc9d9a1-629e-424d-8ae5-975361b96990",
            "name": "DC3_Spine_loopback",
            "status": "not_in_use",
            "subnets": [
              {
                "network": "fc00:dead:beef:3001::/64",
                "status": "pool_element_available",
                "total": 18446744073709550000,
                "used": 0,
                "used_percentage": 0
              }
            ],
            "total": 18446744073709550000,
            "used": 0,
            "used_percentage": 0
          },
          "sensitive_attributes": []
        }
      ]
    },
    {
      "mode": "managed",
      "type": "apstra_ipv6_pool",
      "name": "DC3_VRF_loopback",
      "provider": "provider[\"registry.opentofu.org/juniper/apstra\"]",
      "instances": [
        {
          "schema_version": 0,
          "attributes": {
            "id": "3d26b10d-9b66-4226-ad1e-c32a513d7041",
            "name": "DC3_VRF_loopback",
            "status": "not_in_use",
            "subnets": [
              {
                "network": "fc00:dead:beef:3003::/64",
                "status": "pool_element_available",
                "total": 18446744073709550000,
                "used": 0,
                "used_percentage": 0
              }
            ],
            "total": 18446744073709550000,
            "used": 0,
            "used_percentage": 0
          },
          "sensitive_attributes": []
        }
      ]
    },
    {
      "mode": "managed",
      "type": "apstra_ipv6_pool",
      "name": "DC3_fabric_link",
      "provider": "provider[\"registry.opentofu.org/juniper/apstra\"]",
      "instances": [
        {
          "schema_version": 0,
          "attributes": {
            "id": "d2b69ee2-f76f-4ba5-bba1-7f52f61dbc9a",
            "name": "DC3_fabric_link",
            "status": "not_in_use",
            "subnets": [
              {
                "network": "fc00:dead:beef:3000::/64",
                "status": "pool_element_available",
                "total": 18446744073709550000,
                "used": 0,
                "used_percentage": 0
              }
            ],
            "total": 18446744073709550000,
            "used": 0,
            "used_percentage": 0
          },
          "sensitive_attributes": []
        }
      ]
    },
    {
      "mode": "managed",
      "type": "apstra_logical_device",
      "name": "ald1",
      "provider": "provider[\"registry.opentofu.org/juniper/apstra\"]",
      "instances": [
        {
          "schema_version": 0,
          "attributes": {
            "id": "67a18ac4-917c-4426-b16d-71233fc128d4",
            "name": "AOS-10x1",
            "panels": [
              {
                "columns": 10,
                "port_groups": [
                  {
                    "port_count": 10,
                    "port_roles": [
                      "access",
                      "generic",
                      "leaf",
                      "peer",
                      "spine",
                      "superspine",
                      "unused"
                    ],
                    "port_speed": "1G"
                  }
                ],
                "rows": 1
              }
            ]
          },
          "sensitive_attributes": []
        }
      ]
    },
    {
      "mode": "managed",
      "type": "apstra_rack_type",
      "name": "rack_type2",
      "provider": "provider[\"registry.opentofu.org/juniper/apstra\"]",
      "instances": [
        {
          "schema_version": 0,
          "attributes": {
            "access_switches": null,
            "description": "rack_type_2",
            "fabric_connectivity_design": "l3collapsed",
            "generic_systems": null,
            "id": "syowrpuvs5-rhpke3pe3bw",
            "leaf_switches": {
              "leaf_switch": {
                "logical_device": {
                  "id": null,
                  "name": "AOS-10x1",
                  "panels": [
                    {
                      "columns": 10,
                      "port_groups": [
                        {
                          "port_count": 10,
                          "port_roles": [
                            "access",
                            "generic",
                            "leaf",
                            "peer",
                            "spine",
                            "superspine",
                            "unused"
                          ],
                          "port_speed": "1G"
                        }
                      ],
                      "rows": 1
                    }
                  ]
                },
                "logical_device_id": "67a18ac4-917c-4426-b16d-71233fc128d4",
                "mlag_info": null,
                "redundancy_protocol": "esi",
                "spine_link_count": null,
                "spine_link_speed": null,
                "tag_ids": null,
                "tags": null
              }
            },
            "name": "rack_type_2"
          },
          "sensitive_attributes": [],
          "dependencies": [
            "data.apstra_logical_device.selected"
          ]
        }
      ]
    },
    {
      "mode": "managed",
      "type": "apstra_rack_type",
      "name": "rack_type_1",
      "provider": "provider[\"registry.opentofu.org/juniper/apstra\"]",
      "instances": [
        {
          "schema_version": 0,
          "attributes": {
            "access_switches": null,
            "description": "rack_type_1",
            "fabric_connectivity_design": "l3clos",
            "generic_systems": null,
            "id": "qsn5-bzqu-evlrrnxplca",
            "leaf_switches": {
              "leaf_switch": {
                "logical_device": {
                  "id": null,
                  "name": "AOS-10x1",
                  "panels": [
                    {
                      "columns": 10,
                      "port_groups": [
                        {
                          "port_count": 10,
                          "port_roles": [
                            "access",
                            "generic",
                            "leaf",
                            "peer",
                            "spine",
                            "superspine",
                            "unused"
                          ],
                          "port_speed": "1G"
                        }
                      ],
                      "rows": 1
                    }
                  ]
                },
                "logical_device_id": "67a18ac4-917c-4426-b16d-71233fc128d4",
                "mlag_info": null,
                "redundancy_protocol": "esi",
                "spine_link_count": 1,
                "spine_link_speed": "1G",
                "tag_ids": null,
                "tags": null
              }
            },
            "name": "rack_type_1"
          },
          "sensitive_attributes": [],
          "dependencies": [
            "data.apstra_logical_device.selected"
          ]
        }
      ]
    }
  ],
  "check_results": null
}
