{
  "version": 4,
  "terraform_version": "1.7.1",
  "serial": 30,
  "lineage": "35f01c0c-9fc2-f16b-a4c2-86bee2bdccad",
  "outputs": {},
  "resources": [
    {
      "mode": "managed",
      "type": "apstra_asn_pool",
      "name": "ASN_DC1_Leaf",
      "provider": "provider[\"registry.opentofu.org/juniper/apstra\"]",
      "instances": [
        {
          "schema_version": 0,
          "attributes": {
            "id": "906034b1-6153-49b4-a1e8-ce1d20e0c4a3",
            "name": "ASN_DC1_Leaf",
            "ranges": [
              {
                "first": 4200001101,
                "last": 4200001110,
                "status": "pool_element_available",
                "total": 10,
                "used": 0,
                "used_percentage": 0
              }
            ],
            "status": "not_in_use",
            "total": 10,
            "used": 0,
            "used_percentage": 0
          },
          "sensitive_attributes": []
        }
      ]
    },
    {
      "mode": "managed",
      "type": "apstra_asn_pool",
      "name": "ASN_DC1_Spine",
      "provider": "provider[\"registry.opentofu.org/juniper/apstra\"]",
      "instances": [
        {
          "schema_version": 0,
          "attributes": {
            "id": "6ef2fd8d-bd14-41c9-822d-bd0a4c3b3c74",
            "name": "ASN_DC1_Spine",
            "ranges": [
              {
                "first": 4200001001,
                "last": 4200001010,
                "status": "pool_element_available",
                "total": 10,
                "used": 0,
                "used_percentage": 0
              }
            ],
            "status": "not_in_use",
            "total": 10,
            "used": 0,
            "used_percentage": 0
          },
          "sensitive_attributes": []
        }
      ]
    },
    {
      "mode": "managed",
      "type": "apstra_asn_pool",
      "name": "ASN_DC2",
      "provider": "provider[\"registry.opentofu.org/juniper/apstra\"]",
      "instances": [
        {
          "schema_version": 0,
          "attributes": {
            "id": "2cdf821d-e277-4550-88bb-15de6e567a20",
            "name": "ASN_DC2",
            "ranges": [
              {
                "first": 4200002001,
                "last": 4200002010,
                "status": "pool_element_available",
                "total": 10,
                "used": 0,
                "used_percentage": 0
              }
            ],
            "status": "not_in_use",
            "total": 10,
            "used": 0,
            "used_percentage": 0
          },
          "sensitive_attributes": []
        }
      ]
    },
    {
      "mode": "managed",
      "type": "apstra_asn_pool",
      "name": "ASN_DC3_Leaf",
      "provider": "provider[\"registry.opentofu.org/juniper/apstra\"]",
      "instances": [
        {
          "schema_version": 0,
          "attributes": {
            "id": "42e4429b-d8ac-4a3a-b53f-81b56a0906e6",
            "name": "ASN_DC3_Leaf",
            "ranges": [
              {
                "first": 4200003101,
                "last": 4200003110,
                "status": "pool_element_available",
                "total": 10,
                "used": 0,
                "used_percentage": 0
              }
            ],
            "status": "not_in_use",
            "total": 10,
            "used": 0,
            "used_percentage": 0
          },
          "sensitive_attributes": []
        }
      ]
    },
    {
      "mode": "managed",
      "type": "apstra_asn_pool",
      "name": "ASN_DC3_Spine",
      "provider": "provider[\"registry.opentofu.org/juniper/apstra\"]",
      "instances": [
        {
          "schema_version": 0,
          "attributes": {
            "id": "cf613511-e9d0-4cad-8617-0c3a16a86d7c",
            "name": "ASN_DC3_Spine",
            "ranges": [
              {
                "first": 4200003001,
                "last": 4200003010,
                "status": "pool_element_available",
                "total": 10,
                "used": 0,
                "used_percentage": 0
              }
            ],
            "status": "not_in_use",
            "total": 10,
            "used": 0,
            "used_percentage": 0
          },
          "sensitive_attributes": []
        }
      ]
    },
    {
      "mode": "managed",
      "type": "apstra_configlet",
      "name": "user_admin",
      "provider": "provider[\"registry.opentofu.org/juniper/apstra\"]",
      "instances": [
        {
          "schema_version": 0,
          "attributes": {
            "generators": [
              {
                "config_style": "junos",
                "filename": null,
                "negation_template_text": null,
                "section": "top_level_hierarchical",
                "template_text": "system {\n    root-authentication {\n        encrypted-password \"$1$Jw5Ubokd$OLC5bOaYt.cI5fg0vz6F4.\"; ## SECRET-DATA\n    }\n    login {\n        user admin {\n            class super-user;\n            authentication {\n                encrypted-password \"$1$Jw5Ubokd$OLC5bOaYt.cI5fg0vz6F4.\"; ## SECRET-DATA\n                ssh-rsa \"ssh-rsa AAAAB3NzaC1yc2EAAAADAQABAAABgQDBUA+4YJwqE2rqwweZ3NG7GpXF3JqIxFbnDxraW8//QWjHLGVgn+jFbXFB3T/yLYpIRAh8SsAw6M6pZXzGd3oiltENLkoN5YGI1yW0bCTsS/Z4BoW/iuPR2rYQqhA+NPi9OZO/opVbJ+VIdfm+fugWPSVpduBiJN20P9iEF1zCW4EmWZn3qkl25LjVSBVMiwn+crcsCHUub3xDRicgTOOINFo4lZy03Fsa3PoqpxXv18FhNi3pVWmV2n3vIckWt8BbaPWMTFZmERHkVb4Y15GsHwcQxb6gm3h8Do4QgURbujCUJQhpJT4BRdD8kja1NQK4lbcPq6l9rF3YM7aQkscB16nCplWcgdnxI7eN//FA4ovvx7d57i43Y7GzSlQE87kcIDDQ1eCesYOfg9EfqCFSVWV0hbhc2Ap6YCoc0R9POpG1n0LO+o++h0J0bkLUWsIiQLb3LiC91FnP3giK5MEzdJ+maJcjIyGlTth52s01nLdT4gQDgTURqIpfL8L0HWE= irzan@irzan-mbp\"; ## SECRET-DATA\n            }\n        }\n    }\n}\n"
              }
            ],
            "id": "ba6ce383-e7dc-4acf-a2c1-e056d21373e4",
            "name": "user_admin"
          },
          "sensitive_attributes": []
        }
      ]
    },
    {
      "mode": "managed",
      "type": "apstra_ipv4_pool",
      "name": "DC1_Leaf_loopback",
      "provider": "provider[\"registry.opentofu.org/juniper/apstra\"]",
      "instances": [
        {
          "schema_version": 0,
          "attributes": {
            "id": "a07f5cee-c54e-4d76-8526-ef1de20d977d",
            "name": "DC1_Leaf_loopback",
            "status": "not_in_use",
            "subnets": [
              {
                "network": "10.1.2.0/24",
                "status": "pool_element_available",
                "total": 256,
                "used": 0,
                "used_percentage": 0
              }
            ],
            "total": 256,
            "used": 0,
            "used_percentage": 0
          },
          "sensitive_attributes": []
        }
      ]
    },
    {
      "mode": "managed",
      "type": "apstra_ipv4_pool",
      "name": "DC1_Spine_loopback",
      "provider": "provider[\"registry.opentofu.org/juniper/apstra\"]",
      "instances": [
        {
          "schema_version": 0,
          "attributes": {
            "id": "9cc65bab-7473-46d5-b135-2f9097e87067",
            "name": "DC1_Spine_loopback",
            "status": "not_in_use",
            "subnets": [
              {
                "network": "10.1.1.0/24",
                "status": "pool_element_available",
                "total": 256,
                "used": 0,
                "used_percentage": 0
              }
            ],
            "total": 256,
            "used": 0,
            "used_percentage": 0
          },
          "sensitive_attributes": []
        }
      ]
    },
    {
      "mode": "managed",
      "type": "apstra_ipv4_pool",
      "name": "DC1_VRF_loopback",
      "provider": "provider[\"registry.opentofu.org/juniper/apstra\"]",
      "instances": [
        {
          "schema_version": 0,
          "attributes": {
            "id": "ce35f50a-9f9d-40c6-a8ee-db18f5fc2642",
            "name": "DC1_VRF_loopback",
            "status": "not_in_use",
            "subnets": [
              {
                "network": "10.1.3.0/24",
                "status": "pool_element_available",
                "total": 256,
                "used": 0,
                "used_percentage": 0
              }
            ],
            "total": 256,
            "used": 0,
            "used_percentage": 0
          },
          "sensitive_attributes": []
        }
      ]
    },
    {
      "mode": "managed",
      "type": "apstra_ipv4_pool",
      "name": "DC1_fabric_link",
      "provider": "provider[\"registry.opentofu.org/juniper/apstra\"]",
      "instances": [
        {
          "schema_version": 0,
          "attributes": {
            "id": "d5392d9e-da58-4e50-8b5f-5274e91778b6",
            "name": "DC1_fabric_link",
            "status": "not_in_use",
            "subnets": [
              {
                "network": "10.1.0.0/24",
                "status": "pool_element_available",
                "total": 256,
                "used": 0,
                "used_percentage": 0
              }
            ],
            "total": 256,
            "used": 0,
            "used_percentage": 0
          },
          "sensitive_attributes": []
        }
      ]
    },
    {
      "mode": "managed",
      "type": "apstra_ipv4_pool",
      "name": "DC2_Leaf_loopback",
      "provider": "provider[\"registry.opentofu.org/juniper/apstra\"]",
      "instances": [
        {
          "schema_version": 0,
          "attributes": {
            "id": "53c24170-5e2e-4f9a-b5bb-5b820552cd86",
            "name": "DC2_Leaf_loopback",
            "status": "not_in_use",
            "subnets": [
              {
                "network": "10.2.2.0/24",
                "status": "pool_element_available",
                "total": 256,
                "used": 0,
                "used_percentage": 0
              }
            ],
            "total": 256,
            "used": 0,
            "used_percentage": 0
          },
          "sensitive_attributes": []
        }
      ]
    },
    {
      "mode": "managed",
      "type": "apstra_ipv4_pool",
      "name": "DC2_VRF_loopback",
      "provider": "provider[\"registry.opentofu.org/juniper/apstra\"]",
      "instances": [
        {
          "schema_version": 0,
          "attributes": {
            "id": "b10e6bdc-d173-468a-94a5-0603e49da27c",
            "name": "DC2_VRF_loopback",
            "status": "not_in_use",
            "subnets": [
              {
                "network": "10.2.3.0/24",
                "status": "pool_element_available",
                "total": 256,
                "used": 0,
                "used_percentage": 0
              }
            ],
            "total": 256,
            "used": 0,
            "used_percentage": 0
          },
          "sensitive_attributes": []
        }
      ]
    },
    {
      "mode": "managed",
      "type": "apstra_ipv4_pool",
      "name": "DC2_fabric_link",
      "provider": "provider[\"registry.opentofu.org/juniper/apstra\"]",
      "instances": [
        {
          "schema_version": 0,
          "attributes": {
            "id": "8b3b249f-ffb7-4f47-b852-d2a489c63327",
            "name": "DC2_fabric_link",
            "status": "not_in_use",
            "subnets": [
              {
                "network": "10.2.0.0/24",
                "status": "pool_element_available",
                "total": 256,
                "used": 0,
                "used_percentage": 0
              }
            ],
            "total": 256,
            "used": 0,
            "used_percentage": 0
          },
          "sensitive_attributes": []
        }
      ]
    },
    {
      "mode": "managed",
      "type": "apstra_ipv4_pool",
      "name": "DC3_Leaf_loopback",
      "provider": "provider[\"registry.opentofu.org/juniper/apstra\"]",
      "instances": [
        {
          "schema_version": 0,
          "attributes": {
            "id": "e7a67398-607e-4301-82d8-beac61c78774",
            "name": "DC3_Leaf_loopback",
            "status": "not_in_use",
            "subnets": [
              {
                "network": "10.3.2.0/24",
                "status": "pool_element_available",
                "total": 256,
                "used": 0,
                "used_percentage": 0
              }
            ],
            "total": 256,
            "used": 0,
            "used_percentage": 0
          },
          "sensitive_attributes": []
        }
      ]
    },
    {
      "mode": "managed",
      "type": "apstra_ipv4_pool",
      "name": "DC3_Spine_loopback",
      "provider": "provider[\"registry.opentofu.org/juniper/apstra\"]",
      "instances": [
        {
          "schema_version": 0,
          "attributes": {
            "id": "c6e2e85f-bc68-4f25-9fd0-8971055f0e79",
            "name": "DC3_Spine_loopback",
            "status": "not_in_use",
            "subnets": [
              {
                "network": "10.3.1.0/24",
                "status": "pool_element_available",
                "total": 256,
                "used": 0,
                "used_percentage": 0
              }
            ],
            "total": 256,
            "used": 0,
            "used_percentage": 0
          },
          "sensitive_attributes": []
        }
      ]
    },
    {
      "mode": "managed",
      "type": "apstra_ipv4_pool",
      "name": "DC3_VRF_loopback",
      "provider": "provider[\"registry.opentofu.org/juniper/apstra\"]",
      "instances": [
        {
          "schema_version": 0,
          "attributes": {
            "id": "ccbd3978-e74e-4110-b0ef-20d64bf937f8",
            "name": "DC3_VRF_loopback",
            "status": "not_in_use",
            "subnets": [
              {
                "network": "10.3.3.0/24",
                "status": "pool_element_available",
                "total": 256,
                "used": 0,
                "used_percentage": 0
              }
            ],
            "total": 256,
            "used": 0,
            "used_percentage": 0
          },
          "sensitive_attributes": []
        }
      ]
    },
    {
      "mode": "managed",
      "type": "apstra_ipv4_pool",
      "name": "DC3_fabric_link",
      "provider": "provider[\"registry.opentofu.org/juniper/apstra\"]",
      "instances": [
        {
          "schema_version": 0,
          "attributes": {
            "id": "eb2b963e-435e-4e75-810b-1216251ebb63",
            "name": "DC3_fabric_link",
            "status": "not_in_use",
            "subnets": [
              {
                "network": "10.3.0.0/24",
                "status": "pool_element_available",
                "total": 256,
                "used": 0,
                "used_percentage": 0
              }
            ],
            "total": 256,
            "used": 0,
            "used_percentage": 0
          },
          "sensitive_attributes": []
        }
      ]
    },
    {
      "mode": "managed",
      "type": "apstra_ipv6_pool",
      "name": "DC1_Leaf_loopback",
      "provider": "provider[\"registry.opentofu.org/juniper/apstra\"]",
      "instances": [
        {
          "schema_version": 0,
          "attributes": {
            "id": "f1f3737f-de46-4402-849b-8af4a6dde52d",
            "name": "DC1_Leaf_loopback",
            "status": "not_in_use",
            "subnets": [
              {
                "network": "fc00:dead:beef:1002::/64",
                "status": "pool_element_available",
                "total": 18446744073709550000,
                "used": 0,
                "used_percentage": 0
              }
            ],
            "total": 18446744073709550000,
            "used": 0,
            "used_percentage": 0
          },
          "sensitive_attributes": []
        }
      ]
    },
    {
      "mode": "managed",
      "type": "apstra_ipv6_pool",
      "name": "DC1_Spine_loopback",
      "provider": "provider[\"registry.opentofu.org/juniper/apstra\"]",
      "instances": [
        {
          "schema_version": 0,
          "attributes": {
            "id": "67e77349-f81b-4e43-9882-71cfb2511f9d",
            "name": "DC1_Spine_loopback",
            "status": "not_in_use",
            "subnets": [
              {
                "network": "fc00:dead:beef:1001::/64",
                "status": "pool_element_available",
                "total": 18446744073709550000,
                "used": 0,
                "used_percentage": 0
              }
            ],
            "total": 18446744073709550000,
            "used": 0,
            "used_percentage": 0
          },
          "sensitive_attributes": []
        }
      ]
    },
    {
      "mode": "managed",
      "type": "apstra_ipv6_pool",
      "name": "DC1_VRF_loopback",
      "provider": "provider[\"registry.opentofu.org/juniper/apstra\"]",
      "instances": [
        {
          "schema_version": 0,
          "attributes": {
            "id": "1f16df18-1d60-4489-9c71-1ac275ee0d47",
            "name": "DC1_VRF_loopback",
            "status": "not_in_use",
            "subnets": [
              {
                "network": "fc00:dead:beef:1003::/64",
                "status": "pool_element_available",
                "total": 18446744073709550000,
                "used": 0,
                "used_percentage": 0
              }
            ],
            "total": 18446744073709550000,
            "used": 0,
            "used_percentage": 0
          },
          "sensitive_attributes": []
        }
      ]
    },
    {
      "mode": "managed",
      "type": "apstra_ipv6_pool",
      "name": "DC1_fabric_link",
      "provider": "provider[\"registry.opentofu.org/juniper/apstra\"]",
      "instances": [
        {
          "schema_version": 0,
          "attributes": {
            "id": "1a5e33b3-7b21-4984-b425-420986eb88a4",
            "name": "DC1_fabric_link",
            "status": "not_in_use",
            "subnets": [
              {
                "network": "fc00:dead:beef:1000::/64",
                "status": "pool_element_available",
                "total": 18446744073709550000,
                "used": 0,
                "used_percentage": 0
              }
            ],
            "total": 18446744073709550000,
            "used": 0,
            "used_percentage": 0
          },
          "sensitive_attributes": []
        }
      ]
    },
    {
      "mode": "managed",
      "type": "apstra_ipv6_pool",
      "name": "DC2_Leaf_loopback",
      "provider": "provider[\"registry.opentofu.org/juniper/apstra\"]",
      "instances": [
        {
          "schema_version": 0,
          "attributes": {
            "id": "c0553f18-cdba-4c17-b0de-06c265f311a4",
            "name": "DC2_Leaf_loopback",
            "status": "not_in_use",
            "subnets": [
              {
                "network": "fc00:dead:beef:2002::/64",
                "status": "pool_element_available",
                "total": 18446744073709550000,
                "used": 0,
                "used_percentage": 0
              }
            ],
            "total": 18446744073709550000,
            "used": 0,
            "used_percentage": 0
          },
          "sensitive_attributes": []
        }
      ]
    },
    {
      "mode": "managed",
      "type": "apstra_ipv6_pool",
      "name": "DC2_VRF_loopback",
      "provider": "provider[\"registry.opentofu.org/juniper/apstra\"]",
      "instances": [
        {
          "schema_version": 0,
          "attributes": {
            "id": "07167ee9-46a6-4979-9fda-93f8e781eb27",
            "name": "DC2_VRF_loopback",
            "status": "not_in_use",
            "subnets": [
              {
                "network": "fc00:dead:beef:2003::/64",
                "status": "pool_element_available",
                "total": 18446744073709550000,
                "used": 0,
                "used_percentage": 0
              }
            ],
            "total": 18446744073709550000,
            "used": 0,
            "used_percentage": 0
          },
          "sensitive_attributes": []
        }
      ]
    },
    {
      "mode": "managed",
      "type": "apstra_ipv6_pool",
      "name": "DC2_fabric_link",
      "provider": "provider[\"registry.opentofu.org/juniper/apstra\"]",
      "instances": [
        {
          "schema_version": 0,
          "attributes": {
            "id": "29fa4a44-7bea-4730-b25b-bb23a51377c9",
            "name": "DC2_fabric_link",
            "status": "not_in_use",
            "subnets": [
              {
                "network": "fc00:dead:beef:2000::/64",
                "status": "pool_element_available",
                "total": 18446744073709550000,
                "used": 0,
                "used_percentage": 0
              }
            ],
            "total": 18446744073709550000,
            "used": 0,
            "used_percentage": 0
          },
          "sensitive_attributes": []
        }
      ]
    },
    {
      "mode": "managed",
      "type": "apstra_ipv6_pool",
      "name": "DC3_Leaf_loopback",
      "provider": "provider[\"registry.opentofu.org/juniper/apstra\"]",
      "instances": [
        {
          "schema_version": 0,
          "attributes": {
            "id": "75b79adc-dc96-4a52-a71c-a929f7f35408",
            "name": "DC3_Leaf_loopback",
            "status": "not_in_use",
            "subnets": [
              {
                "network": "fc00:dead:beef:3002::/64",
                "status": "pool_element_available",
                "total": 18446744073709550000,
                "used": 0,
                "used_percentage": 0
              }
            ],
            "total": 18446744073709550000,
            "used": 0,
            "used_percentage": 0
          },
          "sensitive_attributes": []
        }
      ]
    },
    {
      "mode": "managed",
      "type": "apstra_ipv6_pool",
      "name": "DC3_Spine_loopback",
      "provider": "provider[\"registry.opentofu.org/juniper/apstra\"]",
      "instances": [
        {
          "schema_version": 0,
          "attributes": {
            "id": "4e20fc06-862a-4dfd-b213-40c4b1aa7e1d",
            "name": "DC3_Spine_loopback",
            "status": "not_in_use",
            "subnets": [
              {
                "network": "fc00:dead:beef:3001::/64",
                "status": "pool_element_available",
                "total": 18446744073709550000,
                "used": 0,
                "used_percentage": 0
              }
            ],
            "total": 18446744073709550000,
            "used": 0,
            "used_percentage": 0
          },
          "sensitive_attributes": []
        }
      ]
    },
    {
      "mode": "managed",
      "type": "apstra_ipv6_pool",
      "name": "DC3_VRF_loopback",
      "provider": "provider[\"registry.opentofu.org/juniper/apstra\"]",
      "instances": [
        {
          "schema_version": 0,
          "attributes": {
            "id": "170fb69b-a37c-49d7-8dae-eb9acbcdd2b8",
            "name": "DC3_VRF_loopback",
            "status": "not_in_use",
            "subnets": [
              {
                "network": "fc00:dead:beef:3003::/64",
                "status": "pool_element_available",
                "total": 18446744073709550000,
                "used": 0,
                "used_percentage": 0
              }
            ],
            "total": 18446744073709550000,
            "used": 0,
            "used_percentage": 0
          },
          "sensitive_attributes": []
        }
      ]
    },
    {
      "mode": "managed",
      "type": "apstra_ipv6_pool",
      "name": "DC3_fabric_link",
      "provider": "provider[\"registry.opentofu.org/juniper/apstra\"]",
      "instances": [
        {
          "schema_version": 0,
          "attributes": {
            "id": "e30fa7b8-0bbe-44f3-8f08-8afae4689fbb",
            "name": "DC3_fabric_link",
            "status": "not_in_use",
            "subnets": [
              {
                "network": "fc00:dead:beef:3000::/64",
                "status": "pool_element_available",
                "total": 18446744073709550000,
                "used": 0,
                "used_percentage": 0
              }
            ],
            "total": 18446744073709550000,
            "used": 0,
            "used_percentage": 0
          },
          "sensitive_attributes": []
        }
      ]
    },
    {
      "mode": "managed",
      "type": "apstra_logical_device",
      "name": "ald1",
      "provider": "provider[\"registry.opentofu.org/juniper/apstra\"]",
      "instances": [
        {
          "schema_version": 0,
          "attributes": {
            "id": "008c48a6-4177-4e3e-a641-e4d17de15937",
            "name": "AOS-10x1",
            "panels": [
              {
                "columns": 10,
                "port_groups": [
                  {
                    "port_count": 10,
                    "port_roles": [
                      "access",
                      "generic",
                      "leaf",
                      "peer",
                      "spine",
                      "superspine",
                      "unused"
                    ],
                    "port_speed": "1G"
                  }
                ],
                "rows": 1
              }
            ]
          },
          "sensitive_attributes": []
        }
      ]
    }
  ],
  "check_results": null
}
